// !$*UTF8*$!
{
	archiveVersion = 1;
	classes = {
	};
	objectVersion = 46;
	objects = {

/* Begin PBXBuildFile section */
		64045CD91EDDB79800B51333 /* audio_16k16bit.wav in Resources */ = {isa = PBXBuildFile; fileRef = 64045CD81EDDB79800B51333 /* audio_16k16bit.wav */; };
		640917DB1E535368002C7F2B /* AppDelegate.swift in Sources */ = {isa = PBXBuildFile; fileRef = 640917DA1E535368002C7F2B /* AppDelegate.swift */; };
		640917E01E535368002C7F2B /* Main.storyboard in Resources */ = {isa = PBXBuildFile; fileRef = 640917DE1E535368002C7F2B /* Main.storyboard */; };
		640917E21E535368002C7F2B /* Assets.xcassets in Resources */ = {isa = PBXBuildFile; fileRef = 640917E11E535368002C7F2B /* Assets.xcassets */; };
		640917E51E535368002C7F2B /* LaunchScreen.storyboard in Resources */ = {isa = PBXBuildFile; fileRef = 640917E31E535368002C7F2B /* LaunchScreen.storyboard */; };
		640B19671E7FDF0B0032B242 /* NewNoteController.swift in Sources */ = {isa = PBXBuildFile; fileRef = 640B19661E7FDF0B0032B242 /* NewNoteController.swift */; };
		641E35F61E9CF6EC00D905D6 /* NoteDetailController.swift in Sources */ = {isa = PBXBuildFile; fileRef = 641E35F51E9CF6EC00D905D6 /* NoteDetailController.swift */; };
		641E96FD1ED42FC20055A759 /* BlankPatientNoteController.swift in Sources */ = {isa = PBXBuildFile; fileRef = 641E96FC1ED42FC20055A759 /* BlankPatientNoteController.swift */; };
		644E72DE1E83864D00857D3A /* InputWrapperTextView.swift in Sources */ = {isa = PBXBuildFile; fileRef = 644E72DD1E83864D00857D3A /* InputWrapperTextView.swift */; };
		645CDFEF1EC6186900DF862C /* GeneralNoteController.swift in Sources */ = {isa = PBXBuildFile; fileRef = 645CDFEE1EC6186900DF862C /* GeneralNoteController.swift */; };
		6479DD001E8BACF50032CA79 /* AudioToolbox.framework in Frameworks */ = {isa = PBXBuildFile; fileRef = 6479DCFF1E8BACF50032CA79 /* AudioToolbox.framework */; };
		6479DD021E8BACFE0032CA79 /* CoreGraphics.framework in Frameworks */ = {isa = PBXBuildFile; fileRef = 6479DD011E8BACFE0032CA79 /* CoreGraphics.framework */; };
		6479DD041E8BAD0C0032CA79 /* CFNetwork.framework in Frameworks */ = {isa = PBXBuildFile; fileRef = 6479DD031E8BAD0C0032CA79 /* CFNetwork.framework */; };
		6479DD061E8BAD240032CA79 /* SystemConfiguration.framework in Frameworks */ = {isa = PBXBuildFile; fileRef = 6479DD051E8BAD240032CA79 /* SystemConfiguration.framework */; };
		6479DD081E8BAD350032CA79 /* Security.framework in Frameworks */ = {isa = PBXBuildFile; fileRef = 6479DD071E8BAD350032CA79 /* Security.framework */; };
		6479DD0A1E8BAD3B0032CA79 /* WebKit.framework in Frameworks */ = {isa = PBXBuildFile; fileRef = 6479DD091E8BAD3B0032CA79 /* WebKit.framework */; };
		6479DD0C1E8BAD4D0032CA79 /* libz.tbd in Frameworks */ = {isa = PBXBuildFile; fileRef = 6479DD0B1E8BAD4D0032CA79 /* libz.tbd */; };
		6479DD0E1E8BAD5A0032CA79 /* libc++.tbd in Frameworks */ = {isa = PBXBuildFile; fileRef = 6479DD0D1E8BAD5A0032CA79 /* libc++.tbd */; };
		6479DD101E8BAD690032CA79 /* libstdc++.tbd in Frameworks */ = {isa = PBXBuildFile; fileRef = 6479DD0F1E8BAD690032CA79 /* libstdc++.tbd */; };
		6479DD271E8BB5000032CA79 /* ViewControllerWithDragonSDK.swift in Sources */ = {isa = PBXBuildFile; fileRef = 6479DD261E8BB5000032CA79 /* ViewControllerWithDragonSDK.swift */; };
		6479F32E1ED6E21C0032EC54 /* LoginController.swift in Sources */ = {isa = PBXBuildFile; fileRef = 6479F32D1ED6E21C0032EC54 /* LoginController.swift */; };
		647C8A2A1E9B90AD00943F13 /* NewPatientController.swift in Sources */ = {isa = PBXBuildFile; fileRef = 647C8A291E9B90AD00943F13 /* NewPatientController.swift */; };
		6487F97F1EB33602000FC5F2 /* AppointmentController.swift in Sources */ = {isa = PBXBuildFile; fileRef = 6487F97E1EB33602000FC5F2 /* AppointmentController.swift */; };
		6487F9851EB33A31000FC5F2 /* AppointmentCell.swift in Sources */ = {isa = PBXBuildFile; fileRef = 6487F9841EB33A31000FC5F2 /* AppointmentCell.swift */; };
		6487F9871EB34624000FC5F2 /* Appointment.swift in Sources */ = {isa = PBXBuildFile; fileRef = 6487F9861EB34624000FC5F2 /* Appointment.swift */; };
		6487F9891EB3493E000FC5F2 /* ApiHelper.swift in Sources */ = {isa = PBXBuildFile; fileRef = 6487F9881EB3493E000FC5F2 /* ApiHelper.swift */; };
		64882B551ED730F40016C47F /* DragonMedicalSpeechKit.framework in Frameworks */ = {isa = PBXBuildFile; fileRef = 64882B531ED730F40016C47F /* DragonMedicalSpeechKit.framework */; };
		6497B4E51E92373A0070DC35 /* MiniPlayerView.xib in Resources */ = {isa = PBXBuildFile; fileRef = 6497B4E41E92373A0070DC35 /* MiniPlayerView.xib */; };
		6497B4E71E9239800070DC35 /* MiniPlayerView.swift in Sources */ = {isa = PBXBuildFile; fileRef = 6497B4E61E9239800070DC35 /* MiniPlayerView.swift */; };
		64A6D9AD1E7AADE20010C482 /* QuartzCore.framework in Frameworks */ = {isa = PBXBuildFile; fileRef = 64A6D9AC1E7AADE20010C482 /* QuartzCore.framework */; };
		64A6D9AF1E7AAE250010C482 /* PatientDetailController.swift in Sources */ = {isa = PBXBuildFile; fileRef = 64A6D9AE1E7AAE250010C482 /* PatientDetailController.swift */; };
		64AE77351EDF1BF00044D524 /* ParseAudioController.swift in Sources */ = {isa = PBXBuildFile; fileRef = 64AE77341EDF1BF00044D524 /* ParseAudioController.swift */; };
		64C4CCB81E81569F0023F548 /* InputWrapperView.swift in Sources */ = {isa = PBXBuildFile; fileRef = 64C4CCB71E81569F0023F548 /* InputWrapperView.swift */; };
		64C774551E77F35100751936 /* PatientListCell.swift in Sources */ = {isa = PBXBuildFile; fileRef = 64C774541E77F35100751936 /* PatientListCell.swift */; };
		64C774581E77F40A00751936 /* Patient.swift in Sources */ = {isa = PBXBuildFile; fileRef = 64C774571E77F40A00751936 /* Patient.swift */; };
		64C7745A1E77F5C900751936 /* PatientListController.swift in Sources */ = {isa = PBXBuildFile; fileRef = 64C774591E77F5C900751936 /* PatientListController.swift */; };
		64C7745C1E78015B00751936 /* escribe.db in Resources */ = {isa = PBXBuildFile; fileRef = 64C7745B1E78015B00751936 /* escribe.db */; };
		64C7745E1E780EE000751936 /* DatabaseHelper.swift in Sources */ = {isa = PBXBuildFile; fileRef = 64C7745D1E780EE000751936 /* DatabaseHelper.swift */; };
		64C774601E7817A800751936 /* VariousHelper.swift in Sources */ = {isa = PBXBuildFile; fileRef = 64C7745F1E7817A800751936 /* VariousHelper.swift */; };
		64E947181E72CEE3009E232C /* NameTagAssociation.swift in Sources */ = {isa = PBXBuildFile; fileRef = 64E947171E72CEE3009E232C /* NameTagAssociation.swift */; };
		64E9471A1E730CCC009E232C /* AVFoundation.framework in Frameworks */ = {isa = PBXBuildFile; fileRef = 64E947191E730CCC009E232C /* AVFoundation.framework */; };
		64E9471C1E73270E009E232C /* AudioRecordHelper.swift in Sources */ = {isa = PBXBuildFile; fileRef = 64E9471B1E73270E009E232C /* AudioRecordHelper.swift */; };
		64F6AD9A1E7C1E3600ED8509 /* NoteInPatientDetailCell.swift in Sources */ = {isa = PBXBuildFile; fileRef = 64F6AD991E7C1E3600ED8509 /* NoteInPatientDetailCell.swift */; };
		64F6AD9C1E7C21DA00ED8509 /* PatientNote.swift in Sources */ = {isa = PBXBuildFile; fileRef = 64F6AD9B1E7C21DA00ED8509 /* PatientNote.swift */; };
		64F6AD9E1E7C21EB00ED8509 /* NoteContent.swift in Sources */ = {isa = PBXBuildFile; fileRef = 64F6AD9D1E7C21EB00ED8509 /* NoteContent.swift */; };
		6B737F898659D5C1DCB9A9CF /* Pods_EScribe.framework in Frameworks */ = {isa = PBXBuildFile; fileRef = 0679408E1B091A3190AA6917 /* Pods_EScribe.framework */; };
/* End PBXBuildFile section */

/* Begin PBXFileReference section */
		0679408E1B091A3190AA6917 /* Pods_EScribe.framework */ = {isa = PBXFileReference; explicitFileType = wrapper.framework; includeInIndex = 0; path = Pods_EScribe.framework; sourceTree = BUILT_PRODUCTS_DIR; };
		124BE651028E7797A39D0A6A /* Pods-EScribe.debug.xcconfig */ = {isa = PBXFileReference; includeInIndex = 1; lastKnownFileType = text.xcconfig; name = "Pods-EScribe.debug.xcconfig"; path = "Pods/Target Support Files/Pods-EScribe/Pods-EScribe.debug.xcconfig"; sourceTree = "<group>"; };
		64045CD81EDDB79800B51333 /* audio_16k16bit.wav */ = {isa = PBXFileReference; lastKnownFileType = audio.wav; path = audio_16k16bit.wav; sourceTree = "<group>"; };
		640917D71E535368002C7F2B /* EScribe.app */ = {isa = PBXFileReference; explicitFileType = wrapper.application; includeInIndex = 0; path = EScribe.app; sourceTree = BUILT_PRODUCTS_DIR; };
		640917DA1E535368002C7F2B /* AppDelegate.swift */ = {isa = PBXFileReference; lastKnownFileType = sourcecode.swift; path = AppDelegate.swift; sourceTree = "<group>"; };
		640917DF1E535368002C7F2B /* Base */ = {isa = PBXFileReference; lastKnownFileType = file.storyboard; name = Base; path = Base.lproj/Main.storyboard; sourceTree = "<group>"; };
		640917E11E535368002C7F2B /* Assets.xcassets */ = {isa = PBXFileReference; lastKnownFileType = folder.assetcatalog; path = Assets.xcassets; sourceTree = "<group>"; };
		640917E41E535368002C7F2B /* Base */ = {isa = PBXFileReference; lastKnownFileType = file.storyboard; name = Base; path = Base.lproj/LaunchScreen.storyboard; sourceTree = "<group>"; };
		640917E61E535368002C7F2B /* Info.plist */ = {isa = PBXFileReference; lastKnownFileType = text.plist.xml; path = Info.plist; sourceTree = "<group>"; };
		640B19661E7FDF0B0032B242 /* NewNoteController.swift */ = {isa = PBXFileReference; fileEncoding = 4; lastKnownFileType = sourcecode.swift; path = NewNoteController.swift; sourceTree = "<group>"; };
		641E35F51E9CF6EC00D905D6 /* NoteDetailController.swift */ = {isa = PBXFileReference; fileEncoding = 4; lastKnownFileType = sourcecode.swift; path = NoteDetailController.swift; sourceTree = "<group>"; };
		641E96FC1ED42FC20055A759 /* BlankPatientNoteController.swift */ = {isa = PBXFileReference; fileEncoding = 4; lastKnownFileType = sourcecode.swift; path = BlankPatientNoteController.swift; sourceTree = "<group>"; };
		644E72DD1E83864D00857D3A /* InputWrapperTextView.swift */ = {isa = PBXFileReference; fileEncoding = 4; lastKnownFileType = sourcecode.swift; path = InputWrapperTextView.swift; sourceTree = "<group>"; };
		645CDFEE1EC6186900DF862C /* GeneralNoteController.swift */ = {isa = PBXFileReference; fileEncoding = 4; lastKnownFileType = sourcecode.swift; path = GeneralNoteController.swift; sourceTree = "<group>"; };
		6479DCFF1E8BACF50032CA79 /* AudioToolbox.framework */ = {isa = PBXFileReference; lastKnownFileType = wrapper.framework; name = AudioToolbox.framework; path = System/Library/Frameworks/AudioToolbox.framework; sourceTree = SDKROOT; };
		6479DD011E8BACFE0032CA79 /* CoreGraphics.framework */ = {isa = PBXFileReference; lastKnownFileType = wrapper.framework; name = CoreGraphics.framework; path = System/Library/Frameworks/CoreGraphics.framework; sourceTree = SDKROOT; };
		6479DD031E8BAD0C0032CA79 /* CFNetwork.framework */ = {isa = PBXFileReference; lastKnownFileType = wrapper.framework; name = CFNetwork.framework; path = System/Library/Frameworks/CFNetwork.framework; sourceTree = SDKROOT; };
		6479DD051E8BAD240032CA79 /* SystemConfiguration.framework */ = {isa = PBXFileReference; lastKnownFileType = wrapper.framework; name = SystemConfiguration.framework; path = System/Library/Frameworks/SystemConfiguration.framework; sourceTree = SDKROOT; };
		6479DD071E8BAD350032CA79 /* Security.framework */ = {isa = PBXFileReference; lastKnownFileType = wrapper.framework; name = Security.framework; path = System/Library/Frameworks/Security.framework; sourceTree = SDKROOT; };
		6479DD091E8BAD3B0032CA79 /* WebKit.framework */ = {isa = PBXFileReference; lastKnownFileType = wrapper.framework; name = WebKit.framework; path = System/Library/Frameworks/WebKit.framework; sourceTree = SDKROOT; };
		6479DD0B1E8BAD4D0032CA79 /* libz.tbd */ = {isa = PBXFileReference; lastKnownFileType = "sourcecode.text-based-dylib-definition"; name = libz.tbd; path = usr/lib/libz.tbd; sourceTree = SDKROOT; };
		6479DD0D1E8BAD5A0032CA79 /* libc++.tbd */ = {isa = PBXFileReference; lastKnownFileType = "sourcecode.text-based-dylib-definition"; name = "libc++.tbd"; path = "usr/lib/libc++.tbd"; sourceTree = SDKROOT; };
		6479DD0F1E8BAD690032CA79 /* libstdc++.tbd */ = {isa = PBXFileReference; lastKnownFileType = "sourcecode.text-based-dylib-definition"; name = "libstdc++.tbd"; path = "usr/lib/libstdc++.tbd"; sourceTree = SDKROOT; };
		6479DD111E8BB1300032CA79 /* EScribe-Bridging-Header.h */ = {isa = PBXFileReference; lastKnownFileType = sourcecode.c.h; path = "EScribe-Bridging-Header.h"; sourceTree = "<group>"; };
		6479DD181E8BB2A30032CA79 /* NUSACommandPlaceholder.h */ = {isa = PBXFileReference; fileEncoding = 4; lastKnownFileType = sourcecode.c.h; name = NUSACommandPlaceholder.h; path = NuanceSpeechAnywhere/Headers/NUSACommandPlaceholder.h; sourceTree = SOURCE_ROOT; };
		6479DD191E8BB2A30032CA79 /* NUSACommandSet.h */ = {isa = PBXFileReference; fileEncoding = 4; lastKnownFileType = sourcecode.c.h; name = NUSACommandSet.h; path = NuanceSpeechAnywhere/Headers/NUSACommandSet.h; sourceTree = SOURCE_ROOT; };
		6479DD1A1E8BB2A30032CA79 /* NUSACustomVuiController.h */ = {isa = PBXFileReference; fileEncoding = 4; lastKnownFileType = sourcecode.c.h; name = NUSACustomVuiController.h; path = NuanceSpeechAnywhere/Headers/NUSACustomVuiController.h; sourceTree = SOURCE_ROOT; };
		6479DD1B1E8BB2A30032CA79 /* NUSACustomVuiControllerDelegate.h */ = {isa = PBXFileReference; fileEncoding = 4; lastKnownFileType = sourcecode.c.h; name = NUSACustomVuiControllerDelegate.h; path = NuanceSpeechAnywhere/Headers/NUSACustomVuiControllerDelegate.h; sourceTree = SOURCE_ROOT; };
		6479DD1C1E8BB2A30032CA79 /* NUSASession.h */ = {isa = PBXFileReference; fileEncoding = 4; lastKnownFileType = sourcecode.c.h; name = NUSASession.h; path = NuanceSpeechAnywhere/Headers/NUSASession.h; sourceTree = SOURCE_ROOT; };
		6479DD1D1E8BB2A30032CA79 /* NUSASessionDelegate.h */ = {isa = PBXFileReference; fileEncoding = 4; lastKnownFileType = sourcecode.c.h; name = NUSASessionDelegate.h; path = NuanceSpeechAnywhere/Headers/NUSASessionDelegate.h; sourceTree = SOURCE_ROOT; };
		6479DD1E1E8BB2A30032CA79 /* NUSASpeechView.h */ = {isa = PBXFileReference; fileEncoding = 4; lastKnownFileType = sourcecode.c.h; name = NUSASpeechView.h; path = NuanceSpeechAnywhere/Headers/NUSASpeechView.h; sourceTree = SOURCE_ROOT; };
		6479DD1F1E8BB2A30032CA79 /* NUSATextControl.h */ = {isa = PBXFileReference; fileEncoding = 4; lastKnownFileType = sourcecode.c.h; name = NUSATextControl.h; path = NuanceSpeechAnywhere/Headers/NUSATextControl.h; sourceTree = SOURCE_ROOT; };
		6479DD201E8BB2A30032CA79 /* NUSATypes.h */ = {isa = PBXFileReference; fileEncoding = 4; lastKnownFileType = sourcecode.c.h; name = NUSATypes.h; path = NuanceSpeechAnywhere/Headers/NUSATypes.h; sourceTree = SOURCE_ROOT; };
		6479DD211E8BB2A30032CA79 /* NUSAVuiController.h */ = {isa = PBXFileReference; fileEncoding = 4; lastKnownFileType = sourcecode.c.h; name = NUSAVuiController.h; path = NuanceSpeechAnywhere/Headers/NUSAVuiController.h; sourceTree = SOURCE_ROOT; };
		6479DD221E8BB2A30032CA79 /* NUSAVuiControllerDelegate.h */ = {isa = PBXFileReference; fileEncoding = 4; lastKnownFileType = sourcecode.c.h; name = NUSAVuiControllerDelegate.h; path = NuanceSpeechAnywhere/Headers/NUSAVuiControllerDelegate.h; sourceTree = SOURCE_ROOT; };
		6479DD231E8BB2A30032CA79 /* UIView+NUSAConceptName.h */ = {isa = PBXFileReference; fileEncoding = 4; lastKnownFileType = sourcecode.c.h; name = "UIView+NUSAConceptName.h"; path = "NuanceSpeechAnywhere/Headers/UIView+NUSAConceptName.h"; sourceTree = SOURCE_ROOT; };
		6479DD241E8BB2A30032CA79 /* UIView+NUSADocumentFieldId.h */ = {isa = PBXFileReference; fileEncoding = 4; lastKnownFileType = sourcecode.c.h; name = "UIView+NUSADocumentFieldId.h"; path = "NuanceSpeechAnywhere/Headers/UIView+NUSADocumentFieldId.h"; sourceTree = SOURCE_ROOT; };
		6479DD251E8BB2A30032CA79 /* UIView+NUSAEnabled.h */ = {isa = PBXFileReference; fileEncoding = 4; lastKnownFileType = sourcecode.c.h; name = "UIView+NUSAEnabled.h"; path = "NuanceSpeechAnywhere/Headers/UIView+NUSAEnabled.h"; sourceTree = SOURCE_ROOT; };
		6479DD261E8BB5000032CA79 /* ViewControllerWithDragonSDK.swift */ = {isa = PBXFileReference; fileEncoding = 4; lastKnownFileType = sourcecode.swift; path = ViewControllerWithDragonSDK.swift; sourceTree = "<group>"; };
		6479F32D1ED6E21C0032EC54 /* LoginController.swift */ = {isa = PBXFileReference; fileEncoding = 4; lastKnownFileType = sourcecode.swift; path = LoginController.swift; sourceTree = "<group>"; };
		647C8A291E9B90AD00943F13 /* NewPatientController.swift */ = {isa = PBXFileReference; fileEncoding = 4; lastKnownFileType = sourcecode.swift; path = NewPatientController.swift; sourceTree = "<group>"; };
		6487F97E1EB33602000FC5F2 /* AppointmentController.swift */ = {isa = PBXFileReference; fileEncoding = 4; lastKnownFileType = sourcecode.swift; path = AppointmentController.swift; sourceTree = "<group>"; };
		6487F9841EB33A31000FC5F2 /* AppointmentCell.swift */ = {isa = PBXFileReference; fileEncoding = 4; lastKnownFileType = sourcecode.swift; path = AppointmentCell.swift; sourceTree = "<group>"; };
		6487F9861EB34624000FC5F2 /* Appointment.swift */ = {isa = PBXFileReference; fileEncoding = 4; lastKnownFileType = sourcecode.swift; path = Appointment.swift; sourceTree = "<group>"; };
		6487F9881EB3493E000FC5F2 /* ApiHelper.swift */ = {isa = PBXFileReference; fileEncoding = 4; lastKnownFileType = sourcecode.swift; path = ApiHelper.swift; sourceTree = "<group>"; };
		64882B531ED730F40016C47F /* DragonMedicalSpeechKit.framework */ = {isa = PBXFileReference; lastKnownFileType = wrapper.framework; path = DragonMedicalSpeechKit.framework; sourceTree = "<group>"; };
		6497B4E41E92373A0070DC35 /* MiniPlayerView.xib */ = {isa = PBXFileReference; fileEncoding = 4; lastKnownFileType = file.xib; path = MiniPlayerView.xib; sourceTree = "<group>"; };
		6497B4E61E9239800070DC35 /* MiniPlayerView.swift */ = {isa = PBXFileReference; fileEncoding = 4; lastKnownFileType = sourcecode.swift; path = MiniPlayerView.swift; sourceTree = "<group>"; };
		64A6D9AC1E7AADE20010C482 /* QuartzCore.framework */ = {isa = PBXFileReference; lastKnownFileType = wrapper.framework; name = QuartzCore.framework; path = System/Library/Frameworks/QuartzCore.framework; sourceTree = SDKROOT; };
		64A6D9AE1E7AAE250010C482 /* PatientDetailController.swift */ = {isa = PBXFileReference; fileEncoding = 4; lastKnownFileType = sourcecode.swift; path = PatientDetailController.swift; sourceTree = "<group>"; };
		64AE77341EDF1BF00044D524 /* ParseAudioController.swift */ = {isa = PBXFileReference; fileEncoding = 4; lastKnownFileType = sourcecode.swift; path = ParseAudioController.swift; sourceTree = "<group>"; };
		64C4CCB71E81569F0023F548 /* InputWrapperView.swift */ = {isa = PBXFileReference; fileEncoding = 4; lastKnownFileType = sourcecode.swift; path = InputWrapperView.swift; sourceTree = "<group>"; };
		64C774541E77F35100751936 /* PatientListCell.swift */ = {isa = PBXFileReference; fileEncoding = 4; lastKnownFileType = sourcecode.swift; path = PatientListCell.swift; sourceTree = "<group>"; };
		64C774571E77F40A00751936 /* Patient.swift */ = {isa = PBXFileReference; fileEncoding = 4; lastKnownFileType = sourcecode.swift; path = Patient.swift; sourceTree = "<group>"; };
		64C774591E77F5C900751936 /* PatientListController.swift */ = {isa = PBXFileReference; fileEncoding = 4; lastKnownFileType = sourcecode.swift; path = PatientListController.swift; sourceTree = "<group>"; };
		64C7745B1E78015B00751936 /* escribe.db */ = {isa = PBXFileReference; lastKnownFileType = file; path = escribe.db; sourceTree = "<group>"; };
		64C7745D1E780EE000751936 /* DatabaseHelper.swift */ = {isa = PBXFileReference; fileEncoding = 4; lastKnownFileType = sourcecode.swift; path = DatabaseHelper.swift; sourceTree = "<group>"; };
		64C7745F1E7817A800751936 /* VariousHelper.swift */ = {isa = PBXFileReference; fileEncoding = 4; lastKnownFileType = sourcecode.swift; path = VariousHelper.swift; sourceTree = "<group>"; };
		64E947171E72CEE3009E232C /* NameTagAssociation.swift */ = {isa = PBXFileReference; fileEncoding = 4; lastKnownFileType = sourcecode.swift; path = NameTagAssociation.swift; sourceTree = "<group>"; };
		64E947191E730CCC009E232C /* AVFoundation.framework */ = {isa = PBXFileReference; lastKnownFileType = wrapper.framework; name = AVFoundation.framework; path = System/Library/Frameworks/AVFoundation.framework; sourceTree = SDKROOT; };
		64E9471B1E73270E009E232C /* AudioRecordHelper.swift */ = {isa = PBXFileReference; fileEncoding = 4; lastKnownFileType = sourcecode.swift; path = AudioRecordHelper.swift; sourceTree = "<group>"; };
		64F6AD991E7C1E3600ED8509 /* NoteInPatientDetailCell.swift */ = {isa = PBXFileReference; fileEncoding = 4; lastKnownFileType = sourcecode.swift; path = NoteInPatientDetailCell.swift; sourceTree = "<group>"; };
		64F6AD9B1E7C21DA00ED8509 /* PatientNote.swift */ = {isa = PBXFileReference; fileEncoding = 4; lastKnownFileType = sourcecode.swift; path = PatientNote.swift; sourceTree = "<group>"; };
		64F6AD9D1E7C21EB00ED8509 /* NoteContent.swift */ = {isa = PBXFileReference; fileEncoding = 4; lastKnownFileType = sourcecode.swift; path = NoteContent.swift; sourceTree = "<group>"; };
		B0975C0CF86EFAEA80FE4F6E /* Pods-EScribe.release.xcconfig */ = {isa = PBXFileReference; includeInIndex = 1; lastKnownFileType = text.xcconfig; name = "Pods-EScribe.release.xcconfig"; path = "Pods/Target Support Files/Pods-EScribe/Pods-EScribe.release.xcconfig"; sourceTree = "<group>"; };
/* End PBXFileReference section */

/* Begin PBXFrameworksBuildPhase section */
		640917D41E535368002C7F2B /* Frameworks */ = {
			isa = PBXFrameworksBuildPhase;
			buildActionMask = 2147483647;
			files = (
				64882B551ED730F40016C47F /* DragonMedicalSpeechKit.framework in Frameworks */,
				6479DD101E8BAD690032CA79 /* libstdc++.tbd in Frameworks */,
				6479DD0E1E8BAD5A0032CA79 /* libc++.tbd in Frameworks */,
				6479DD0C1E8BAD4D0032CA79 /* libz.tbd in Frameworks */,
				6479DD0A1E8BAD3B0032CA79 /* WebKit.framework in Frameworks */,
				6479DD081E8BAD350032CA79 /* Security.framework in Frameworks */,
				6479DD061E8BAD240032CA79 /* SystemConfiguration.framework in Frameworks */,
				6479DD041E8BAD0C0032CA79 /* CFNetwork.framework in Frameworks */,
				6479DD021E8BACFE0032CA79 /* CoreGraphics.framework in Frameworks */,
				6479DD001E8BACF50032CA79 /* AudioToolbox.framework in Frameworks */,
				64A6D9AD1E7AADE20010C482 /* QuartzCore.framework in Frameworks */,
				64E9471A1E730CCC009E232C /* AVFoundation.framework in Frameworks */,
				6B737F898659D5C1DCB9A9CF /* Pods_EScribe.framework in Frameworks */,
			);
			runOnlyForDeploymentPostprocessing = 0;
		};
/* End PBXFrameworksBuildPhase section */

/* Begin PBXGroup section */
		5890955465CC14ED1F7B6C09 /* Frameworks */ = {
			isa = PBXGroup;
			children = (
				6479DD0F1E8BAD690032CA79 /* libstdc++.tbd */,
				6479DD0D1E8BAD5A0032CA79 /* libc++.tbd */,
				6479DD0B1E8BAD4D0032CA79 /* libz.tbd */,
				6479DD091E8BAD3B0032CA79 /* WebKit.framework */,
				6479DD071E8BAD350032CA79 /* Security.framework */,
				6479DD051E8BAD240032CA79 /* SystemConfiguration.framework */,
				6479DD031E8BAD0C0032CA79 /* CFNetwork.framework */,
				6479DD011E8BACFE0032CA79 /* CoreGraphics.framework */,
				6479DCFF1E8BACF50032CA79 /* AudioToolbox.framework */,
				64A6D9AC1E7AADE20010C482 /* QuartzCore.framework */,
				64E947191E730CCC009E232C /* AVFoundation.framework */,
				0679408E1B091A3190AA6917 /* Pods_EScribe.framework */,
			);
			name = Frameworks;
			sourceTree = "<group>";
		};
		640917CE1E535367002C7F2B = {
			isa = PBXGroup;
			children = (
				64882B531ED730F40016C47F /* DragonMedicalSpeechKit.framework */,
				640917D91E535368002C7F2B /* EScribe */,
				640917D81E535368002C7F2B /* Products */,
				9D1654BD8E41F08436BF8690 /* Pods */,
				5890955465CC14ED1F7B6C09 /* Frameworks */,
				6479DD111E8BB1300032CA79 /* EScribe-Bridging-Header.h */,
			);
			sourceTree = "<group>";
		};
		640917D81E535368002C7F2B /* Products */ = {
			isa = PBXGroup;
			children = (
				640917D71E535368002C7F2B /* EScribe.app */,
			);
			name = Products;
			sourceTree = "<group>";
		};
		640917D91E535368002C7F2B /* EScribe */ = {
			isa = PBXGroup;
			children = (
				6479DD171E8BB2940032CA79 /* NuanceHeader */,
				64C774561E77F3FB00751936 /* Models */,
				64C774531E77F32800751936 /* Views */,
				64F8EFCF1E63309900550369 /* Helpers */,
				64F8EFCE1E63308F00550369 /* Controllers */,
				640917DA1E535368002C7F2B /* AppDelegate.swift */,
				640917DE1E535368002C7F2B /* Main.storyboard */,
				640917E11E535368002C7F2B /* Assets.xcassets */,
				640917E31E535368002C7F2B /* LaunchScreen.storyboard */,
				640917E61E535368002C7F2B /* Info.plist */,
			);
			path = EScribe;
			sourceTree = "<group>";
		};
		6479DD171E8BB2940032CA79 /* NuanceHeader */ = {
			isa = PBXGroup;
			children = (
				6479DD181E8BB2A30032CA79 /* NUSACommandPlaceholder.h */,
				6479DD191E8BB2A30032CA79 /* NUSACommandSet.h */,
				6479DD1A1E8BB2A30032CA79 /* NUSACustomVuiController.h */,
				6479DD1B1E8BB2A30032CA79 /* NUSACustomVuiControllerDelegate.h */,
				6479DD1C1E8BB2A30032CA79 /* NUSASession.h */,
				6479DD1D1E8BB2A30032CA79 /* NUSASessionDelegate.h */,
				6479DD1E1E8BB2A30032CA79 /* NUSASpeechView.h */,
				6479DD1F1E8BB2A30032CA79 /* NUSATextControl.h */,
				6479DD201E8BB2A30032CA79 /* NUSATypes.h */,
				6479DD211E8BB2A30032CA79 /* NUSAVuiController.h */,
				6479DD221E8BB2A30032CA79 /* NUSAVuiControllerDelegate.h */,
				6479DD231E8BB2A30032CA79 /* UIView+NUSAConceptName.h */,
				6479DD241E8BB2A30032CA79 /* UIView+NUSADocumentFieldId.h */,
				6479DD251E8BB2A30032CA79 /* UIView+NUSAEnabled.h */,
			);
			name = NuanceHeader;
			sourceTree = "<group>";
		};
		64C774531E77F32800751936 /* Views */ = {
			isa = PBXGroup;
			children = (
				64C774541E77F35100751936 /* PatientListCell.swift */,
				64F6AD991E7C1E3600ED8509 /* NoteInPatientDetailCell.swift */,
				64C4CCB71E81569F0023F548 /* InputWrapperView.swift */,
				644E72DD1E83864D00857D3A /* InputWrapperTextView.swift */,
				6497B4E61E9239800070DC35 /* MiniPlayerView.swift */,
				6487F9841EB33A31000FC5F2 /* AppointmentCell.swift */,
				6497B4E41E92373A0070DC35 /* MiniPlayerView.xib */,
			);
			name = Views;
			sourceTree = "<group>";
		};
		64C774561E77F3FB00751936 /* Models */ = {
			isa = PBXGroup;
			children = (
				64045CD81EDDB79800B51333 /* audio_16k16bit.wav */,
				64C7745B1E78015B00751936 /* escribe.db */,
				64C774571E77F40A00751936 /* Patient.swift */,
				64F6AD9B1E7C21DA00ED8509 /* PatientNote.swift */,
				64F6AD9D1E7C21EB00ED8509 /* NoteContent.swift */,
				6487F9861EB34624000FC5F2 /* Appointment.swift */,
			);
			name = Models;
			sourceTree = "<group>";
		};
		64F8EFCE1E63308F00550369 /* Controllers */ = {
			isa = PBXGroup;
			children = (
				6479DD261E8BB5000032CA79 /* ViewControllerWithDragonSDK.swift */,
				645CDFEE1EC6186900DF862C /* GeneralNoteController.swift */,
				641E96FC1ED42FC20055A759 /* BlankPatientNoteController.swift */,
				64C774591E77F5C900751936 /* PatientListController.swift */,
				64A6D9AE1E7AAE250010C482 /* PatientDetailController.swift */,
				640B19661E7FDF0B0032B242 /* NewNoteController.swift */,
				64AE77341EDF1BF00044D524 /* ParseAudioController.swift */,
				647C8A291E9B90AD00943F13 /* NewPatientController.swift */,
				641E35F51E9CF6EC00D905D6 /* NoteDetailController.swift */,
				6487F97E1EB33602000FC5F2 /* AppointmentController.swift */,
				6479F32D1ED6E21C0032EC54 /* LoginController.swift */,
			);
			name = Controllers;
			sourceTree = "<group>";
		};
		64F8EFCF1E63309900550369 /* Helpers */ = {
			isa = PBXGroup;
			children = (
				64E9471B1E73270E009E232C /* AudioRecordHelper.swift */,
				64E947171E72CEE3009E232C /* NameTagAssociation.swift */,
				64C7745D1E780EE000751936 /* DatabaseHelper.swift */,
				64C7745F1E7817A800751936 /* VariousHelper.swift */,
				6487F9881EB3493E000FC5F2 /* ApiHelper.swift */,
			);
			name = Helpers;
			sourceTree = "<group>";
		};
		9D1654BD8E41F08436BF8690 /* Pods */ = {
			isa = PBXGroup;
			children = (
				124BE651028E7797A39D0A6A /* Pods-EScribe.debug.xcconfig */,
				B0975C0CF86EFAEA80FE4F6E /* Pods-EScribe.release.xcconfig */,
			);
			name = Pods;
			sourceTree = "<group>";
		};
/* End PBXGroup section */

/* Begin PBXNativeTarget section */
		640917D61E535368002C7F2B /* EScribe */ = {
			isa = PBXNativeTarget;
			buildConfigurationList = 640917E91E535368002C7F2B /* Build configuration list for PBXNativeTarget "EScribe" */;
			buildPhases = (
				21F7EA166FBC3E5729792249 /* [CP] Check Pods Manifest.lock */,
				640917D31E535368002C7F2B /* Sources */,
				640917D41E535368002C7F2B /* Frameworks */,
				640917D51E535368002C7F2B /* Resources */,
				E75F3A7B2D1D648A2FECB43C /* [CP] Embed Pods Frameworks */,
				489404769CA5AEF3D9ADF1B9 /* [CP] Copy Pods Resources */,
			);
			buildRules = (
			);
			dependencies = (
			);
			name = EScribe;
			productName = EScribe;
			productReference = 640917D71E535368002C7F2B /* EScribe.app */;
			productType = "com.apple.product-type.application";
		};
/* End PBXNativeTarget section */

/* Begin PBXProject section */
		640917CF1E535367002C7F2B /* Project object */ = {
			isa = PBXProject;
			attributes = {
				LastSwiftUpdateCheck = 0820;
				LastUpgradeCheck = 0820;
				TargetAttributes = {
					640917D61E535368002C7F2B = {
						CreatedOnToolsVersion = 8.2.1;
						DevelopmentTeam = PPZPA52SDJ;
						LastSwiftMigration = 0820;
						ProvisioningStyle = Automatic;
					};
				};
			};
			buildConfigurationList = 640917D21E535367002C7F2B /* Build configuration list for PBXProject "EScribe" */;
			compatibilityVersion = "Xcode 3.2";
			developmentRegion = English;
			hasScannedForEncodings = 0;
			knownRegions = (
				en,
				Base,
			);
			mainGroup = 640917CE1E535367002C7F2B;
			productRefGroup = 640917D81E535368002C7F2B /* Products */;
			projectDirPath = "";
			projectRoot = "";
			targets = (
				640917D61E535368002C7F2B /* EScribe */,
			);
		};
/* End PBXProject section */

/* Begin PBXResourcesBuildPhase section */
		640917D51E535368002C7F2B /* Resources */ = {
			isa = PBXResourcesBuildPhase;
			buildActionMask = 2147483647;
			files = (
				6497B4E51E92373A0070DC35 /* MiniPlayerView.xib in Resources */,
				640917E51E535368002C7F2B /* LaunchScreen.storyboard in Resources */,
				640917E21E535368002C7F2B /* Assets.xcassets in Resources */,
				64045CD91EDDB79800B51333 /* audio_16k16bit.wav in Resources */,
				640917E01E535368002C7F2B /* Main.storyboard in Resources */,
				64C7745C1E78015B00751936 /* escribe.db in Resources */,
			);
			runOnlyForDeploymentPostprocessing = 0;
		};
/* End PBXResourcesBuildPhase section */

/* Begin PBXShellScriptBuildPhase section */
		21F7EA166FBC3E5729792249 /* [CP] Check Pods Manifest.lock */ = {
			isa = PBXShellScriptBuildPhase;
			buildActionMask = 2147483647;
			files = (
			);
			inputPaths = (
			);
			name = "[CP] Check Pods Manifest.lock";
			outputPaths = (
			);
			runOnlyForDeploymentPostprocessing = 0;
			shellPath = /bin/sh;
			shellScript = "diff \"${PODS_ROOT}/../Podfile.lock\" \"${PODS_ROOT}/Manifest.lock\" > /dev/null\nif [ $? != 0 ] ; then\n    # print error to STDERR\n    echo \"error: The sandbox is not in sync with the Podfile.lock. Run 'pod install' or update your CocoaPods installation.\" >&2\n    exit 1\nfi\n";
			showEnvVarsInLog = 0;
		};
		489404769CA5AEF3D9ADF1B9 /* [CP] Copy Pods Resources */ = {
			isa = PBXShellScriptBuildPhase;
			buildActionMask = 2147483647;
			files = (
			);
			inputPaths = (
			);
			name = "[CP] Copy Pods Resources";
			outputPaths = (
			);
			runOnlyForDeploymentPostprocessing = 0;
			shellPath = /bin/sh;
			shellScript = "\"${SRCROOT}/Pods/Target Support Files/Pods-EScribe/Pods-EScribe-resources.sh\"\n";
			showEnvVarsInLog = 0;
		};
		E75F3A7B2D1D648A2FECB43C /* [CP] Embed Pods Frameworks */ = {
			isa = PBXShellScriptBuildPhase;
			buildActionMask = 2147483647;
			files = (
			);
			inputPaths = (
			);
			name = "[CP] Embed Pods Frameworks";
			outputPaths = (
			);
			runOnlyForDeploymentPostprocessing = 0;
			shellPath = /bin/sh;
			shellScript = "\"${SRCROOT}/Pods/Target Support Files/Pods-EScribe/Pods-EScribe-frameworks.sh\"\n";
			showEnvVarsInLog = 0;
		};
/* End PBXShellScriptBuildPhase section */

/* Begin PBXSourcesBuildPhase section */
		640917D31E535368002C7F2B /* Sources */ = {
			isa = PBXSourcesBuildPhase;
			buildActionMask = 2147483647;
			files = (
				645CDFEF1EC6186900DF862C /* GeneralNoteController.swift in Sources */,
				6497B4E71E9239800070DC35 /* MiniPlayerView.swift in Sources */,
				64A6D9AF1E7AAE250010C482 /* PatientDetailController.swift in Sources */,
				64E947181E72CEE3009E232C /* NameTagAssociation.swift in Sources */,
				6487F9871EB34624000FC5F2 /* Appointment.swift in Sources */,
				641E96FD1ED42FC20055A759 /* BlankPatientNoteController.swift in Sources */,
				6487F9891EB3493E000FC5F2 /* ApiHelper.swift in Sources */,
				64C774551E77F35100751936 /* PatientListCell.swift in Sources */,
				6487F9851EB33A31000FC5F2 /* AppointmentCell.swift in Sources */,
				64C7745A1E77F5C900751936 /* PatientListController.swift in Sources */,
				64F6AD9A1E7C1E3600ED8509 /* NoteInPatientDetailCell.swift in Sources */,
				644E72DE1E83864D00857D3A /* InputWrapperTextView.swift in Sources */,
				64AE77351EDF1BF00044D524 /* ParseAudioController.swift in Sources */,
				6479F32E1ED6E21C0032EC54 /* LoginController.swift in Sources */,
				640B19671E7FDF0B0032B242 /* NewNoteController.swift in Sources */,
				6479DD271E8BB5000032CA79 /* ViewControllerWithDragonSDK.swift in Sources */,
				641E35F61E9CF6EC00D905D6 /* NoteDetailController.swift in Sources */,
				64C7745E1E780EE000751936 /* DatabaseHelper.swift in Sources */,
				640917DB1E535368002C7F2B /* AppDelegate.swift in Sources */,
				64F6AD9C1E7C21DA00ED8509 /* PatientNote.swift in Sources */,
				64E9471C1E73270E009E232C /* AudioRecordHelper.swift in Sources */,
				647C8A2A1E9B90AD00943F13 /* NewPatientController.swift in Sources */,
				6487F97F1EB33602000FC5F2 /* AppointmentController.swift in Sources */,
				64C4CCB81E81569F0023F548 /* InputWrapperView.swift in Sources */,
				64C774581E77F40A00751936 /* Patient.swift in Sources */,
				64C774601E7817A800751936 /* VariousHelper.swift in Sources */,
				64F6AD9E1E7C21EB00ED8509 /* NoteContent.swift in Sources */,
			);
			runOnlyForDeploymentPostprocessing = 0;
		};
/* End PBXSourcesBuildPhase section */

/* Begin PBXVariantGroup section */
		640917DE1E535368002C7F2B /* Main.storyboard */ = {
			isa = PBXVariantGroup;
			children = (
				640917DF1E535368002C7F2B /* Base */,
			);
			name = Main.storyboard;
			sourceTree = "<group>";
		};
		640917E31E535368002C7F2B /* LaunchScreen.storyboard */ = {
			isa = PBXVariantGroup;
			children = (
				640917E41E535368002C7F2B /* Base */,
			);
			name = LaunchScreen.storyboard;
			sourceTree = "<group>";
		};
/* End PBXVariantGroup section */

/* Begin XCBuildConfiguration section */
		640917E71E535368002C7F2B /* Debug */ = {
			isa = XCBuildConfiguration;
			buildSettings = {
				ALWAYS_SEARCH_USER_PATHS = NO;
				CLANG_ANALYZER_NONNULL = YES;
				CLANG_CXX_LANGUAGE_STANDARD = "gnu++0x";
				CLANG_CXX_LIBRARY = "libc++";
				CLANG_ENABLE_MODULES = YES;
				CLANG_ENABLE_OBJC_ARC = YES;
				CLANG_WARN_BOOL_CONVERSION = YES;
				CLANG_WARN_CONSTANT_CONVERSION = YES;
				CLANG_WARN_DIRECT_OBJC_ISA_USAGE = YES_ERROR;
				CLANG_WARN_DOCUMENTATION_COMMENTS = YES;
				CLANG_WARN_EMPTY_BODY = YES;
				CLANG_WARN_ENUM_CONVERSION = YES;
				CLANG_WARN_INFINITE_RECURSION = YES;
				CLANG_WARN_INT_CONVERSION = YES;
				CLANG_WARN_OBJC_ROOT_CLASS = YES_ERROR;
				CLANG_WARN_SUSPICIOUS_MOVE = YES;
				CLANG_WARN_UNREACHABLE_CODE = YES;
				CLANG_WARN__DUPLICATE_METHOD_MATCH = YES;
				"CODE_SIGN_IDENTITY[sdk=iphoneos*]" = "iPhone Developer";
				COPY_PHASE_STRIP = NO;
				DEBUG_INFORMATION_FORMAT = dwarf;
				ENABLE_STRICT_OBJC_MSGSEND = YES;
				ENABLE_TESTABILITY = YES;
				GCC_C_LANGUAGE_STANDARD = gnu99;
				GCC_DYNAMIC_NO_PIC = NO;
				GCC_NO_COMMON_BLOCKS = YES;
				GCC_OPTIMIZATION_LEVEL = 0;
				GCC_PREPROCESSOR_DEFINITIONS = (
					"DEBUG=1",
					"$(inherited)",
				);
				GCC_WARN_64_TO_32_BIT_CONVERSION = YES;
				GCC_WARN_ABOUT_RETURN_TYPE = YES_ERROR;
				GCC_WARN_UNDECLARED_SELECTOR = YES;
				GCC_WARN_UNINITIALIZED_AUTOS = YES_AGGRESSIVE;
				GCC_WARN_UNUSED_FUNCTION = YES;
				GCC_WARN_UNUSED_VARIABLE = YES;
				IPHONEOS_DEPLOYMENT_TARGET = 9.0;
				MTL_ENABLE_DEBUG_INFO = YES;
				ONLY_ACTIVE_ARCH = YES;
				SDKROOT = iphoneos;
				SWIFT_ACTIVE_COMPILATION_CONDITIONS = DEBUG;
				SWIFT_OPTIMIZATION_LEVEL = "-Onone";
				TARGETED_DEVICE_FAMILY = "1,2";
			};
			name = Debug;
		};
		640917E81E535368002C7F2B /* Release */ = {
			isa = XCBuildConfiguration;
			buildSettings = {
				ALWAYS_SEARCH_USER_PATHS = NO;
				CLANG_ANALYZER_NONNULL = YES;
				CLANG_CXX_LANGUAGE_STANDARD = "gnu++0x";
				CLANG_CXX_LIBRARY = "libc++";
				CLANG_ENABLE_MODULES = YES;
				CLANG_ENABLE_OBJC_ARC = YES;
				CLANG_WARN_BOOL_CONVERSION = YES;
				CLANG_WARN_CONSTANT_CONVERSION = YES;
				CLANG_WARN_DIRECT_OBJC_ISA_USAGE = YES_ERROR;
				CLANG_WARN_DOCUMENTATION_COMMENTS = YES;
				CLANG_WARN_EMPTY_BODY = YES;
				CLANG_WARN_ENUM_CONVERSION = YES;
				CLANG_WARN_INFINITE_RECURSION = YES;
				CLANG_WARN_INT_CONVERSION = YES;
				CLANG_WARN_OBJC_ROOT_CLASS = YES_ERROR;
				CLANG_WARN_SUSPICIOUS_MOVE = YES;
				CLANG_WARN_UNREACHABLE_CODE = YES;
				CLANG_WARN__DUPLICATE_METHOD_MATCH = YES;
				"CODE_SIGN_IDENTITY[sdk=iphoneos*]" = "iPhone Developer";
				COPY_PHASE_STRIP = NO;
				DEBUG_INFORMATION_FORMAT = "dwarf-with-dsym";
				ENABLE_NS_ASSERTIONS = NO;
				ENABLE_STRICT_OBJC_MSGSEND = YES;
				GCC_C_LANGUAGE_STANDARD = gnu99;
				GCC_NO_COMMON_BLOCKS = YES;
				GCC_WARN_64_TO_32_BIT_CONVERSION = YES;
				GCC_WARN_ABOUT_RETURN_TYPE = YES_ERROR;
				GCC_WARN_UNDECLARED_SELECTOR = YES;
				GCC_WARN_UNINITIALIZED_AUTOS = YES_AGGRESSIVE;
				GCC_WARN_UNUSED_FUNCTION = YES;
				GCC_WARN_UNUSED_VARIABLE = YES;
				IPHONEOS_DEPLOYMENT_TARGET = 9.0;
				MTL_ENABLE_DEBUG_INFO = NO;
				SDKROOT = iphoneos;
				SWIFT_OPTIMIZATION_LEVEL = "-Owholemodule";
				TARGETED_DEVICE_FAMILY = "1,2";
				VALIDATE_PRODUCT = YES;
			};
			name = Release;
		};
		640917EA1E535368002C7F2B /* Debug */ = {
			isa = XCBuildConfiguration;
			baseConfigurationReference = 124BE651028E7797A39D0A6A /* Pods-EScribe.debug.xcconfig */;
			buildSettings = {
				ASSETCATALOG_COMPILER_APPICON_NAME = AppIcon;
				CLANG_ENABLE_MODULES = YES;
				"CODE_SIGN_IDENTITY[sdk=iphoneos*]" = "iPhone Developer";
				DEVELOPMENT_TEAM = PPZPA52SDJ;
				ENABLE_BITCODE = NO;
				FRAMEWORK_SEARCH_PATHS = (
					"$(inherited)",
					"$(PROJECT_DIR)",
				);
				INFOPLIST_FILE = EScribe/Info.plist;
				IPHONEOS_DEPLOYMENT_TARGET = 9.0;
				LD_RUNPATH_SEARCH_PATHS = "$(inherited) @executable_path/Frameworks";
				LIBRARY_SEARCH_PATHS = (
					"$(inherited)",
					"$(PROJECT_DIR)",
					"$(PROJECT_DIR)/NuanceSpeechAnywhere/Library/Universal",
				);
				PRODUCT_BUNDLE_IDENTIFIER = com.EScribe;
				PRODUCT_NAME = "$(TARGET_NAME)";
				PROVISIONING_PROFILE = "";
				PROVISIONING_PROFILE_SPECIFIER = "";
				SWIFT_OBJC_BRIDGING_HEADER = "EScribe-Bridging-Header.h";
				SWIFT_OPTIMIZATION_LEVEL = "-Onone";
				SWIFT_VERSION = 3.0;
			};
			name = Debug;
		};
		640917EB1E535368002C7F2B /* Release */ = {
			isa = XCBuildConfiguration;
			baseConfigurationReference = B0975C0CF86EFAEA80FE4F6E /* Pods-EScribe.release.xcconfig */;
			buildSettings = {
				ASSETCATALOG_COMPILER_APPICON_NAME = AppIcon;
				CLANG_ENABLE_MODULES = YES;
				"CODE_SIGN_IDENTITY[sdk=iphoneos*]" = "iPhone Developer";
				DEVELOPMENT_TEAM = PPZPA52SDJ;
				ENABLE_BITCODE = NO;
				FRAMEWORK_SEARCH_PATHS = (
					"$(inherited)",
					"$(PROJECT_DIR)",
				);
				INFOPLIST_FILE = EScribe/Info.plist;
				IPHONEOS_DEPLOYMENT_TARGET = 9.0;
				LD_RUNPATH_SEARCH_PATHS = "$(inherited) @executable_path/Frameworks";
				LIBRARY_SEARCH_PATHS = (
					"$(inherited)",
					"$(PROJECT_DIR)",
					"$(PROJECT_DIR)/NuanceSpeechAnywhere/Library/Universal",
				);
				PRODUCT_BUNDLE_IDENTIFIER = com.EScribe;
				PRODUCT_NAME = "$(TARGET_NAME)";
				PROVISIONING_PROFILE_SPECIFIER = "";
				SWIFT_OBJC_BRIDGING_HEADER = "EScribe-Bridging-Header.h";
				SWIFT_VERSION = 3.0;
			};
			name = Release;
		};
/* End XCBuildConfiguration section */

/* Begin XCConfigurationList section */
		640917D21E535367002C7F2B /* Build configuration list for PBXProject "EScribe" */ = {
			isa = XCConfigurationList;
			buildConfigurations = (
				640917E71E535368002C7F2B /* Debug */,
				640917E81E535368002C7F2B /* Release */,
			);
			defaultConfigurationIsVisible = 0;
			defaultConfigurationName = Release;
		};
		640917E91E535368002C7F2B /* Build configuration list for PBXNativeTarget "EScribe" */ = {
			isa = XCConfigurationList;
			buildConfigurations = (
				640917EA1E535368002C7F2B /* Debug */,
				640917EB1E535368002C7F2B /* Release */,
			);
			defaultConfigurationIsVisible = 0;
			defaultConfigurationName = Release;
		};
/* End XCConfigurationList section */
	};
	rootObject = 640917CF1E535367002C7F2B /* Project object */;
}
