PODS:
  - AEXML (4.0.1)
  - Alamofire (4.0.1)
  - AlamofireObjectMapper (4.0.0):
    - Alamofire (~> 4.0)
    - ObjectMapper (~> 2.0)
  - IQKeyboardManagerSwift (4.0.7)
  - ObjectMapper (2.1.0)
  - SQLite.swift (0.11.0):
    - SQLite.swift/standard (= 0.11.0)
  - SQLite.swift/standard (0.11.0)
  - SVProgressHUD (2.0.3)
  - SwiftDate (4.0.6)

DEPENDENCIES:
  - AEXML
  - Alamofire (~> 4.0)
  - AlamofireObjectMapper (~> 4.0)
  - IQKeyboardManagerSwift
  - SQLite.swift
  - SVProgressHUD
  - SwiftDate

SPEC CHECKSUMS:
  AEXML: 905e50474c0a261d335aa8be4ee32d22d69b6fd5
  Alamofire: 7682d43245de14874acd142ec137b144aa1dd335
  AlamofireObjectMapper: 9faa3ce5a240efda1b209009a2d6e1e949227abc
  IQKeyboardManagerSwift: 58bbcf46b5cf9fd4ed625d28a60cb2fbae4ab0f4
  ObjectMapper: e5e0f8aef8590fc2ddcde7f27eddb255863ee6e9
  SQLite.swift: 9a26273607d3077a2e5a8d33486e9989f8404c7d
  SVProgressHUD: b0830714205bea1317ea1a2ebc71e5633af334d4
  SwiftDate: 549729eaa54bd9f64fd80abfd12ddd3d44ff5098

PODFILE CHECKSUM: 484baef014279489466fc1dbaac7f091a9cf29b9

COCOAPODS: 1.1.1
